{
  "version": 1,
  "dependencies": {
    ".NETnanoFramework,Version=v1.0": {
      "nanoFramework.CoreLibrary": {
        "type": "Direct",
        "requested": "[1.17.1, 1.17.1]",
        "resolved": "1.17.1",
        "contentHash": "T/iPvP8AeZs/5UeZgVa2cZVbl79ioeRyBJLzx4qvKbE9RE+984AR5WPY4tjGIdXugs1AFUYYnydvuGCpy+P1ww=="
      },
      "nanoFramework.Device.Bluetooth": {
        "type": "Direct",
        "requested": "[1.1.105, 1.1.105]",
        "resolved": "1.1.105",
        "contentHash": "875x8iwCLI5qKoAnN3ZEo4GfDWTrQl9vZn3DN5gqqB/GQXZrle+1IJ3sOdnaAlXsFd/rFdVJ9R9XxIJNvR12Ow=="
      },
      "nanoFramework.Runtime.Events": {
        "type": "Direct",
        "requested": "[1.11.29, 1.11.29]",
        "resolved": "1.11.29",
        "contentHash": "y3Y0SNfr1afMor4xrsiB1ETldjKvmnzBTcEH5gizFFXw3RNBB/N8npWqkCJn4HZS0TEENlH2vVrib3bWYMx5+Q=="
      },
      "nanoFramework.Runtime.Native": {
        "type": "Direct",
        "requested": "[1.7.8, 1.7.8]",
        "resolved": "1.7.8",
        "contentHash": "8wWz/dUDJ3BHTVHNZ9VqLjaWyfn9OB1DU2iJgY7WvV/DkVMF3mLw80/3g5I5BfAUUhNq1DgQo8Id5yt4QOZq+g=="
      },
      "nanoFramework.System.Collections": {
        "type": "Direct",
        "requested": "[1.5.62, 1.5.62]",
        "resolved": "1.5.62",
        "contentHash": "tqYYxVHnfJU+v4aOwtW5u6oI3DWYx+njaTa2gY3LXkcltHlaNCXD4c5q314Zb17isZiizKXIB+X9vJnwxw1oLA=="
      },
      "nanoFramework.System.Text": {
        "type": "Direct",
        "requested": "[1.3.29, 1.3.29]",
        "resolved": "1.3.29",
        "contentHash": "h7Jbjd8vmNrro/co6s+Zth+OvStgvOiT3RQtlaqa2t6FmnLZGXkF7LAykjLqWeNfHTafGbBLkSMqHw2VHo4Dmg=="
      },
      "Nerdbank.GitVersioning": {
        "type": "Direct",
        "requested": "[3.7.115, 3.7.115]",
        "resolved": "3.7.115",
        "contentHash": "EpXamaAdRfG/BMxGgvZlTM0npRnkmXUjAj8OdNKd17t4oN+2nvjdv/KnFmzOOMDqvlwB49UCwtOHJrAQTfUBtQ=="
      },
      "StyleCop.MSBuild": {
        "type": "Direct",
        "requested": "[6.2.0, 6.2.0]",
        "resolved": "6.2.0",
        "contentHash": "6J51Kt5X+Os+Ckp20SFP1SlLu3tZl+3qBhCMtJUJqGDgwSr4oHT+eg545hXCdp07tRB/8nZfXTOBDdA1XXvjUw=="
      },
      "UnitsNet.nanoFramework.Ratio": {
        "type": "Direct",
        "requested": "[5.69.0, 5.69.0]",
        "resolved": "5.69.0",
        "contentHash": "0P7NenQw1B1fzgR6cWUZ9pIOAsotr85xs/q7P7uJwn6PcnN2ZCK9pkB1cBietv3XDQNXKnDScVJRZEQlt99Olw=="
      }
    }
  }
}