{
  "version": 1,
  "dependencies": {
    ".NETnanoFramework,Version=v1.0": {
      "nanoFramework.CoreLibrary": {
        "type": "Direct",
        "requested": "[1.15.5, 1.15.5]",
        "resolved": "1.15.5",
        "contentHash": "u2+GvAp1uxLrGdILACAZy+EVKOs28EQ52j8Lz7599egXZ3GBGejjnR2ofhjMQwzrJLlgtyrsx8nSLngDfJNsAg=="
      },
      "nanoFramework.Device.Bluetooth": {
        "type": "Direct",
        "requested": "[1.1.84, 1.1.84]",
        "resolved": "1.1.84",
        "contentHash": "jnM5XgcVDaxQpXoUjKgj2/J8esvZAArIfw/hE2xaKNK7KuGRFeuxBwbh54FdKZADc9iaD7c01AO1UptUymtVHA=="
      },
      "nanoFramework.Runtime.Events": {
        "type": "Direct",
        "requested": "[1.11.18, 1.11.18]",
        "resolved": "1.11.18",
        "contentHash": "t0XpUkdyBBBv/0S4oGx3yUJG1iPYWc38odvZW8mVoioSxZOJrRkRHpNfwYxTxtP4LIEyyesOPEH42d05FHfHzA=="
      },
      "nanoFramework.Runtime.Native": {
        "type": "Direct",
        "requested": "[1.7.1, 1.7.1]",
        "resolved": "1.7.1",
        "contentHash": "RCiG3D+SxG4wVSBXuXP0y8EZWBd65bfJ9AJj0USNnfL65Aa+nUXmXa6QIxkeolSjDH4jLgKjlIuTXOA7t+AQGQ=="
      },
      "nanoFramework.System.Collections": {
        "type": "Direct",
        "requested": "[1.5.45, 1.5.45]",
        "resolved": "1.5.45",
        "contentHash": "dil6zTz67ACEboy5aWib+lcK+v5eOdvChow3UoZjPdH/fsHsHl26D6/OmQKp+KPVdi5/59WUM5InFB4F5FEQfQ=="
      },
      "nanoFramework.System.Text": {
        "type": "Direct",
        "requested": "[1.2.54, 1.2.54]",
        "resolved": "1.2.54",
        "contentHash": "k3OutSNRMs9di42LQ+5GbpHBY07aMEZWGkaS3Mj3ZU4cWqJc4deFGzRd+LBFQl1mRGdQaM5sl/euTZdcg8R9Zg=="
      },
      "Nerdbank.GitVersioning": {
        "type": "Direct",
        "requested": "[3.6.146, 3.6.146]",
        "resolved": "3.6.146",
        "contentHash": "W1eQ8hD9Y/cZ2+ilgxECl003xr1hybpN3fMxoTlMqg++BixETBMWzS4y9s08oHJKXgKtudsoxhITNOEf1OR66w=="
      },
      "StyleCop.MSBuild": {
        "type": "Direct",
        "requested": "[6.2.0, 6.2.0]",
        "resolved": "6.2.0",
        "contentHash": "6J51Kt5X+Os+Ckp20SFP1SlLu3tZl+3qBhCMtJUJqGDgwSr4oHT+eg545hXCdp07tRB/8nZfXTOBDdA1XXvjUw=="
      },
      "UnitsNet.nanoFramework.Ratio": {
        "type": "Direct",
        "requested": "[5.60.0, 5.60.0]",
        "resolved": "5.60.0",
        "contentHash": "FKJ20sk2PHbqpQnsVPtif8ngu5EJzN3j3u3ZbpBmcD+n9qwV6EKFiPCeFhdEJCfVnsDHQPvuF3e+SvZCLKxuXw=="
      }
    }
  }
}