{
  "version": 1,
  "dependencies": {
    ".NETnanoFramework,Version=v1.0": {
      "nanoFramework.CoreLibrary": {
        "type": "Direct",
        "requested": "[1.16.1, 1.16.1]",
        "resolved": "1.16.1",
        "contentHash": "pUQR6+CuheWC6UXkiIXhmknPkm50OYuKs6TcIBieV50D1R991QSJUFWjM1AixT/37REh8rzx2OAPgX6YDs06zA=="
      },
      "nanoFramework.Device.Bluetooth": {
        "type": "Direct",
        "requested": "[1.1.97, 1.1.97]",
        "resolved": "1.1.97",
        "contentHash": "zzB7edJ1HYozA64M7Xnl7CR4IBFbSQoAJNkJGwKtkbwzRY9Rx0UCRYA8Ib28OI/4lX8WXx0RbUp9KzPME6O4Mw=="
      },
      "nanoFramework.Runtime.Events": {
        "type": "Direct",
        "requested": "[1.11.26, 1.11.26]",
        "resolved": "1.11.26",
        "contentHash": "xFkgVKv2mnTEwXwNS3lqf2TH4b26TZhq1gqCWPCmLnA6tEpfNP6dpWkm9kwrQ7R2VIdDOtyi3CZhLNAB2bPARg=="
      },
      "nanoFramework.Runtime.Native": {
        "type": "Direct",
        "requested": "[1.7.7, 1.7.7]",
        "resolved": "1.7.7",
        "contentHash": "a38L9TxDdaZLYlgFShpwWOPjG2L0Su9tVOoFSq1v+nm5hU5mkxU5hEOykmEV4aGJEE2NvJkN+fj6LlZNyF/vHA=="
      },
      "nanoFramework.System.Collections": {
        "type": "Direct",
        "requested": "[1.5.56, 1.5.56]",
        "resolved": "1.5.56",
        "contentHash": "epfglXpETWAi0UXqMYH+kqPVpQdjEcGnHCS3kitSVW3bGQ44qwNtXbjVGEWLjUUlRaaIn4ngwOOa9SVbf8qaqw=="
      },
      "nanoFramework.System.Device.Gpio": {
        "type": "Direct",
        "requested": "[1.1.41, 1.1.41]",
        "resolved": "1.1.41",
        "contentHash": "5QnpdfvjxOvka2S5IHSdKudWmkH+CDQ3TFFuXOGuNlgZJFsAx0/k5zuwgJYkxIyGbL8kdcjBWLyDNdihjA1pUg=="
      },
      "nanoFramework.System.Text": {
        "type": "Direct",
        "requested": "[1.3.9, 1.3.9]",
        "resolved": "1.3.9",
        "contentHash": "IVQ+Hsu6KqFzvFC13cjAA4/J/1wi44Xa7GOu4R47v24HogsXKKus6Pn4icR2pffpLoythCVgX8L1qSiqTuPOEg=="
      },
      "UnitsNet.nanoFramework.Ratio": {
        "type": "Direct",
        "requested": "[5.67.0, 5.67.0]",
        "resolved": "5.67.0",
        "contentHash": "uK/nAar9f+iA7PG/OwlnCV5BKAS6IAJ3GVjrr5ESQv0ELpCWaLXndiKq+1jPkQucUVRQHvrF3/F44UL74J9yAw=="
      }
    }
  }
}