{
  "version": 1,
  "dependencies": {
    ".NETnanoFramework,Version=v1.0": {
      "nanoFramework.CoreLibrary": {
        "type": "Direct",
        "requested": "[1.15.5, 1.15.5]",
        "resolved": "1.15.5",
        "contentHash": "u2+GvAp1uxLrGdILACAZy+EVKOs28EQ52j8Lz7599egXZ3GBGejjnR2ofhjMQwzrJLlgtyrsx8nSLngDfJNsAg=="
      },
      "nanoFramework.Device.Bluetooth": {
        "type": "Direct",
        "requested": "[1.1.75, 1.1.75]",
        "resolved": "1.1.75",
        "contentHash": "bmVS4ZnqLk+CgPSfeR/bQ2DlRDrMcle3iQzAtihGt0TUz/qHf3kDtP3sOUL2+IHOnDO/t6ky8TrpISVVlNc+Tg=="
      },
      "nanoFramework.Runtime.Events": {
        "type": "Direct",
        "requested": "[1.11.18, 1.11.18]",
        "resolved": "1.11.18",
        "contentHash": "t0XpUkdyBBBv/0S4oGx3yUJG1iPYWc38odvZW8mVoioSxZOJrRkRHpNfwYxTxtP4LIEyyesOPEH42d05FHfHzA=="
      },
      "nanoFramework.Runtime.Native": {
        "type": "Direct",
        "requested": "[1.6.12, 1.6.12]",
        "resolved": "1.6.12",
        "contentHash": "RlJ882CK7D2HkkGHDw1a2xgiEM+1+Nd6iTA+OmzF5QIxbv0SX9qBesueIWsc6RsiQGqBEeBXh4zZ2+TBGL62VQ=="
      },
      "nanoFramework.System.Collections": {
        "type": "Direct",
        "requested": "[1.5.31, 1.5.31]",
        "resolved": "1.5.31",
        "contentHash": "q7G0BHkbhUzpUJiOQNlZZDSMcZEU2/QJBDiSEQAF23wOya4EBaCXS74jAVcEfkHBgOkF413jKZq5vldpjqUfUw=="
      },
      "nanoFramework.System.Device.Gpio": {
        "type": "Direct",
        "requested": "[1.1.41, 1.1.41]",
        "resolved": "1.1.41",
        "contentHash": "5QnpdfvjxOvka2S5IHSdKudWmkH+CDQ3TFFuXOGuNlgZJFsAx0/k5zuwgJYkxIyGbL8kdcjBWLyDNdihjA1pUg=="
      },
      "nanoFramework.System.Text": {
        "type": "Direct",
        "requested": "[1.2.54, 1.2.54]",
        "resolved": "1.2.54",
        "contentHash": "k3OutSNRMs9di42LQ+5GbpHBY07aMEZWGkaS3Mj3ZU4cWqJc4deFGzRd+LBFQl1mRGdQaM5sl/euTZdcg8R9Zg=="
      },
      "UnitsNet.nanoFramework.Ratio": {
        "type": "Direct",
        "requested": "[5.54.0, 5.54.0]",
        "resolved": "5.54.0",
        "contentHash": "Brftac32ZOaxEJKnPA4ZJMVr+j0S+Jlx4LXKIY0tmLsp+/TvYYAqsQBQxtRdJ97stVQtRripG6hSXCSdfD2sVA=="
      }
    }
  }
}