{
  "version": 1,
  "dependencies": {
    ".NETnanoFramework,Version=v1.0": {
      "nanoFramework.CoreLibrary": {
        "type": "Direct",
        "requested": "[1.16.11, 1.16.11]",
        "resolved": "1.16.11",
        "contentHash": "2XW+Zn0lQ+lOcxDbB1l2ga2rNoj9Jv2IeJwXE4ka1r+swmxn5N/otlMJVEXJgK8trUeD/E8T7+J7dXjU8UReHw=="
      },
      "nanoFramework.Device.Bluetooth": {
        "type": "Direct",
        "requested": "[1.1.102, 1.1.102]",
        "resolved": "1.1.102",
        "contentHash": "hnY7l1msIa8ByJSzhGSHuZEFSnVabip0a433gseo1FKw0FqBjt3ieRLSSnpYwWyDD2fBfXMdykvP/FldzVX+4g=="
      },
      "nanoFramework.Runtime.Events": {
        "type": "Direct",
        "requested": "[1.11.29, 1.11.29]",
        "resolved": "1.11.29",
        "contentHash": "y3Y0SNfr1afMor4xrsiB1ETldjKvmnzBTcEH5gizFFXw3RNBB/N8npWqkCJn4HZS0TEENlH2vVrib3bWYMx5+Q=="
      },
      "nanoFramework.Runtime.Native": {
        "type": "Direct",
        "requested": "[1.7.8, 1.7.8]",
        "resolved": "1.7.8",
        "contentHash": "8wWz/dUDJ3BHTVHNZ9VqLjaWyfn9OB1DU2iJgY7WvV/DkVMF3mLw80/3g5I5BfAUUhNq1DgQo8Id5yt4QOZq+g=="
      },
      "nanoFramework.System.Collections": {
        "type": "Direct",
        "requested": "[1.5.56, 1.5.56]",
        "resolved": "1.5.56",
        "contentHash": "epfglXpETWAi0UXqMYH+kqPVpQdjEcGnHCS3kitSVW3bGQ44qwNtXbjVGEWLjUUlRaaIn4ngwOOa9SVbf8qaqw=="
      },
      "nanoFramework.System.Device.Gpio": {
        "type": "Direct",
        "requested": "[1.1.53, 1.1.53]",
        "resolved": "1.1.53",
        "contentHash": "7Pd5iAeWPGdtKUB+OJ0vPjL+d9tQAK0s0JxV1dfjh6PZcU38wykdK64oMqNmCbDFA0aiZl0UyFmz3zXchn39nQ=="
      },
      "nanoFramework.System.Text": {
        "type": "Direct",
        "requested": "[1.3.16, 1.3.16]",
        "resolved": "1.3.16",
        "contentHash": "riHpJLHPhObWXRNEaF5uayhOyO+AHCDV8yDQYGaG/2SrwWjv2hLH+sOKZEqm3Tvv5+RiGSF3nDgGDMxT46dokg=="
      },
      "UnitsNet.nanoFramework.Ratio": {
        "type": "Direct",
        "requested": "[5.69.0, 5.69.0]",
        "resolved": "5.69.0",
        "contentHash": "0P7NenQw1B1fzgR6cWUZ9pIOAsotr85xs/q7P7uJwn6PcnN2ZCK9pkB1cBietv3XDQNXKnDScVJRZEQlt99Olw=="
      }
    }
  }
}